
Microsoft Visual Studio Solution File, Format Version 12.00
# Visual Studio Version 17
VisualStudioVersion = 17.0.31710.8
MinimumVisualStudioVersion = 10.0.40219.1
Project("{FAE04EC0-301F-11D3-BF4B-00C04F79EFBC}") = "MigrationHW", "MigrationHW\MigrationHW.csproj", "{8E4D88AE-8556-4145-A04B-0B4676ECD5DA}"
EndProject
Global
	GlobalSection(SolutionConfigurationPlatforms) = preSolution
		Debug|Any CPU = Debug|Any CPU
		Release|Any CPU = Release|Any CPU
	EndGlobalSection
	GlobalSection(ProjectConfigurationPlatforms) = postSolution
		{8E4D88AE-8556-4145-A04B-0B4676ECD5DA}.Debug|Any CPU.ActiveCfg = Debug|Any CPU
		{8E4D88AE-8556-4145-A04B-0B4676ECD5DA}.Debug|Any CPU.Build.0 = Debug|Any CPU
		{8E4D88AE-8556-4145-A04B-0B4676ECD5DA}.Release|Any CPU.ActiveCfg = Release|Any CPU
		{8E4D88AE-8556-4145-A04B-0B4676ECD5DA}.Release|Any CPU.Build.0 = Release|Any CPU
	EndGlobalSection
	GlobalSection(SolutionProperties) = preSolution
		HideSolutionNode = FALSE
	EndGlobalSection
	GlobalSection(ExtensibilityGlobals) = postSolution
		SolutionGuid = {F28DE115-1F95-4D15-A98B-B398E6B94688}
	EndGlobalSection
EndGlobal
